#MicroXplorer Configuration settings - do not modify
ADC1.Channel-0\#ChannelRegularConversion=ADC_CHANNEL_VREFINT
ADC1.CommonPathInternal=ADC_CHANNEL_VREFINT|ADC_CHANNEL_TEMPSENSOR_ADC1|null|null
ADC1.IPParameters=Rank-0\#ChannelRegularConversion,Channel-0\#ChannelRegularConversion,SamplingTime-0\#ChannelRegularConversion,OffsetNumber-0\#ChannelRegularConversion,NbrOfConversionFlag,master,CommonPathInternal
ADC1.NbrOfConversionFlag=1
ADC1.OffsetNumber-0\#ChannelRegularConversion=ADC_OFFSET_NONE
ADC1.Rank-0\#ChannelRegularConversion=1
ADC1.SamplingTime-0\#ChannelRegularConversion=ADC_SAMPLETIME_2CYCLES_5
ADC1.master=1
BSP_IP_NAME=NUCLEO-G474RE
CAD.formats=
CAD.pinconfig=
CAD.provider=
FREERTOS.FootprintOK=true
FREERTOS.IPParameters=Tasks01,FootprintOK,configUSE_NEWLIB_REENTRANT,configUSE_PREEMPTION
FREERTOS.Tasks01=lettura,8,128,letturaTask,Default,NULL,Dynamic,NULL,NULL;comunicazione,8,128,comunicazioneTask,Default,NULL,Dynamic,NULL,NULL;degradato,8,128,degradatoTask,Default,NULL,Dynamic,NULL,NULL;emergenza,8,128,emergenzaTask,Default,NULL,Dynamic,NULL,NULL
FREERTOS.configUSE_NEWLIB_REENTRANT=1
FREERTOS.configUSE_PREEMPTION=0
File.Version=6
GPIO.groupedBy=Group By Peripherals
I2C1.IPParameters=Timing
I2C1.Timing=0x40B285C2
KeepUserPlacement=false
Mcu.CPN=STM32G474RET6
Mcu.Family=STM32G4
Mcu.IP0=ADC1
Mcu.IP1=FREERTOS
Mcu.IP10=USART1
Mcu.IP11=USART2
Mcu.IP12=USART3
Mcu.IP13=NUCLEO-G474RE
Mcu.IP2=I2C1
Mcu.IP3=NVIC
Mcu.IP4=RCC
Mcu.IP5=SPI1
Mcu.IP6=SYS
Mcu.IP7=TIM1
Mcu.IP8=TIM2
Mcu.IP9=TIM7
Mcu.IPNb=14
Mcu.Name=STM32G474R(B-C-E)Tx
Mcu.Package=LQFP64
Mcu.Pin0=PC14-OSC32_IN
Mcu.Pin1=PC15-OSC32_OUT
Mcu.Pin10=PB11
Mcu.Pin11=PC8
Mcu.Pin12=PC9
Mcu.Pin13=PA8
Mcu.Pin14=PA9
Mcu.Pin15=PA13
Mcu.Pin16=PA14
Mcu.Pin17=PA15
Mcu.Pin18=PC10
Mcu.Pin19=PC11
Mcu.Pin2=PF0-OSC_IN
Mcu.Pin20=PC12
Mcu.Pin21=PD2
Mcu.Pin22=PB3
Mcu.Pin23=PB4
Mcu.Pin24=PB5
Mcu.Pin25=PB7
Mcu.Pin26=VP_ADC1_TempSens_Input
Mcu.Pin27=VP_ADC1_Vref_Input
Mcu.Pin28=VP_FREERTOS_VS_CMSIS_V2
Mcu.Pin29=VP_SYS_VS_tim6
Mcu.Pin3=PA2
Mcu.Pin30=VP_SYS_VS_DBSignals
Mcu.Pin31=VP_TIM1_VS_ClockSourceINT
Mcu.Pin32=VP_TIM2_VS_ClockSourceINT
Mcu.Pin33=VP_TIM7_VS_ClockSourceINT
Mcu.Pin4=PA3
Mcu.Pin5=PA6
Mcu.Pin6=PA7
Mcu.Pin7=PC4
Mcu.Pin8=PC5
Mcu.Pin9=PB10
Mcu.PinsNb=34
Mcu.ThirdPartyNb=0
Mcu.UserConstants=
Mcu.UserName=STM32G474RETx
MxCube.Version=6.13.0
MxDb.Version=DB.6.0.130
NUCLEO-G474RE.BUTTON=1
NUCLEO-G474RE.IPParameters=BUTTON,VCP,LD2
NUCLEO-G474RE.LD2=true
NUCLEO-G474RE.VCP=true
NVIC.BusFault_IRQn=true\:0\:0\:false\:false\:true\:false\:false\:false\:false
NVIC.DebugMonitor_IRQn=true\:0\:0\:false\:false\:true\:false\:false\:false\:false
NVIC.ForceEnableDMAVector=true
NVIC.HardFault_IRQn=true\:0\:0\:false\:false\:true\:false\:false\:false\:false
NVIC.MemoryManagement_IRQn=true\:0\:0\:false\:false\:true\:false\:false\:false\:false
NVIC.NonMaskableInt_IRQn=true\:0\:0\:false\:false\:true\:false\:false\:false\:false
NVIC.PendSV_IRQn=true\:15\:0\:false\:false\:false\:true\:false\:false\:false
NVIC.PriorityGroup=NVIC_PRIORITYGROUP_4
NVIC.SVCall_IRQn=true\:0\:0\:false\:false\:false\:false\:false\:false\:false
NVIC.SavedPendsvIrqHandlerGenerated=true
NVIC.SavedSvcallIrqHandlerGenerated=true
NVIC.SavedSystickIrqHandlerGenerated=true
NVIC.SysTick_IRQn=true\:15\:0\:false\:false\:false\:true\:false\:true\:false
NVIC.TIM6_DAC_IRQn=true\:15\:0\:false\:false\:true\:false\:false\:true\:true
NVIC.TimeBase=TIM6_DAC_IRQn
NVIC.TimeBaseIP=TIM6
NVIC.UsageFault_IRQn=true\:0\:0\:false\:false\:true\:false\:false\:false\:false
PA13.Mode=Serial_Wire
PA13.Signal=SYS_JTMS-SWDIO
PA14.Mode=Serial_Wire
PA14.Signal=SYS_JTCK-SWCLK
PA15.GPIOParameters=GPIO_Speed
PA15.GPIO_Speed=GPIO_SPEED_FREQ_VERY_HIGH
PA15.Mode=I2C
PA15.Signal=I2C1_SCL
PA2.Locked=true
PA2.Mode=Asynchronous
PA2.Signal=USART2_TX
PA3.Locked=true
PA3.Mode=Asynchronous
PA3.Signal=USART2_RX
PA6.Mode=Full_Duplex_Master
PA6.Signal=SPI1_MISO
PA7.Mode=Full_Duplex_Master
PA7.Signal=SPI1_MOSI
PA8.GPIOParameters=GPIO_Label
PA8.GPIO_Label=echoS3
PA8.Locked=true
PA8.Signal=GPIO_Input
PA9.GPIOParameters=GPIO_Label
PA9.GPIO_Label=triggerS3
PA9.Locked=true
PA9.Signal=GPIO_Output
PB10.Mode=Asynchronous
PB10.Signal=USART3_TX
PB11.Mode=Asynchronous
PB11.Signal=USART3_RX
PB3.Mode=Full_Duplex_Master
PB3.Signal=SPI1_SCK
PB4.GPIOParameters=GPIO_Label
PB4.GPIO_Label=B1_pin
PB4.Locked=true
PB4.Signal=GPIO_Input
PB5.GPIOParameters=GPIO_Label
PB5.GPIO_Label=B2_pin
PB5.Locked=true
PB5.Signal=GPIO_Output
PB7.GPIOParameters=GPIO_Speed
PB7.GPIO_Speed=GPIO_SPEED_FREQ_VERY_HIGH
PB7.Mode=I2C
PB7.Signal=I2C1_SDA
PC10.GPIOParameters=GPIO_Label
PC10.GPIO_Label=echoS1
PC10.Locked=true
PC10.Signal=GPIO_Input
PC11.GPIOParameters=GPIO_Label
PC11.GPIO_Label=triggerS1
PC11.Locked=true
PC11.Signal=GPIO_Output
PC12.GPIOParameters=GPIO_Label
PC12.GPIO_Label=rele1
PC12.Locked=true
PC12.Signal=GPIO_Output
PC14-OSC32_IN.Mode=LSE-External-Oscillator
PC14-OSC32_IN.Signal=RCC_OSC32_IN
PC15-OSC32_OUT.Mode=LSE-External-Oscillator
PC15-OSC32_OUT.Signal=RCC_OSC32_OUT
PC4.Mode=Asynchronous
PC4.Signal=USART1_TX
PC5.Mode=Asynchronous
PC5.Signal=USART1_RX
PC8.GPIOParameters=GPIO_Label
PC8.GPIO_Label=echoS2
PC8.Locked=true
PC8.Signal=GPIO_Input
PC9.GPIOParameters=GPIO_Label
PC9.GPIO_Label=triggerS2
PC9.Locked=true
PC9.Signal=GPIO_Output
PD2.GPIOParameters=GPIO_Label
PD2.GPIO_Label=rele2
PD2.Locked=true
PD2.Signal=GPIO_Output
PF0-OSC_IN.Mode=HSE-External-Clock-Source
PF0-OSC_IN.Signal=RCC_OSC_IN
PinOutPanel.RotationAngle=0
ProjectManager.AskForMigrate=true
ProjectManager.BackupPrevious=false
ProjectManager.CompilerOptimize=6
ProjectManager.ComputerToolchain=false
ProjectManager.CoupleFile=true
ProjectManager.CustomerFirmwarePackage=
ProjectManager.DefaultFWLocation=true
ProjectManager.DeletePrevious=true
ProjectManager.DeviceId=STM32G474RETx
ProjectManager.FirmwarePackage=STM32Cube FW_G4 V1.6.1
ProjectManager.FreePins=false
ProjectManager.HalAssertFull=false
ProjectManager.HeapSize=0x200
ProjectManager.KeepUserCode=true
ProjectManager.LastFirmware=true
ProjectManager.LibraryCopy=1
ProjectManager.MainLocation=Core/Src
ProjectManager.NoMain=false
ProjectManager.PreviousToolchain=
ProjectManager.ProjectBuild=false
ProjectManager.ProjectFileName=1.rover_master_free_rtos.ioc
ProjectManager.ProjectName=1.rover_master_free_rtos
ProjectManager.ProjectStructure=
ProjectManager.RegisterCallBack=
ProjectManager.StackSize=0x400
ProjectManager.TargetToolchain=STM32CubeIDE
ProjectManager.ToolChainLocation=
ProjectManager.UAScriptAfterPath=
ProjectManager.UAScriptBeforePath=
ProjectManager.UnderRoot=true
ProjectManager.functionlistsort=1-SystemClock_Config-RCC-false-HAL-false,2-MX_GPIO_Init-GPIO-false-HAL-true,3-MX_I2C1_Init-I2C1-false-HAL-true,4-MX_SPI1_Init-SPI1-false-HAL-true,5-MX_USART1_UART_Init-USART1-false-HAL-true,6-MX_USART3_UART_Init-USART3-false-HAL-true,7-MX_ADC1_Init-ADC1-false-HAL-true,8-MX_TIM7_Init-TIM7-false-HAL-true,9-MX_TIM1_Init-TIM1-false-HAL-true,10-MX_TIM2_Init-TIM2-false-HAL-true,11-MX_USART2_UART_Init-USART2-false-HAL-true
RCC.ADC12Freq_Value=170000000
RCC.ADC345Freq_Value=170000000
RCC.AHBFreq_Value=170000000
RCC.APB1Freq_Value=170000000
RCC.APB1TimFreq_Value=170000000
RCC.APB2Freq_Value=170000000
RCC.APB2TimFreq_Value=170000000
RCC.CRSFreq_Value=48000000
RCC.CortexFreq_Value=170000000
RCC.EXTERNAL_CLOCK_VALUE=12288000
RCC.FCLKCortexFreq_Value=170000000
RCC.FDCANFreq_Value=170000000
RCC.FamilyName=M
RCC.HCLKFreq_Value=170000000
RCC.HSE_VALUE=24000000
RCC.HSI48_VALUE=48000000
RCC.HSI_VALUE=16000000
RCC.I2C1Freq_Value=170000000
RCC.I2C2Freq_Value=170000000
RCC.I2C3Freq_Value=170000000
RCC.I2C4Freq_Value=170000000
RCC.I2SFreq_Value=170000000
RCC.IPParameters=ADC12Freq_Value,ADC345Freq_Value,AHBFreq_Value,APB1Freq_Value,APB1TimFreq_Value,APB2Freq_Value,APB2TimFreq_Value,CRSFreq_Value,CortexFreq_Value,EXTERNAL_CLOCK_VALUE,FCLKCortexFreq_Value,FDCANFreq_Value,FamilyName,HCLKFreq_Value,HSE_VALUE,HSI48_VALUE,HSI_VALUE,I2C1Freq_Value,I2C2Freq_Value,I2C3Freq_Value,I2C4Freq_Value,I2SFreq_Value,LPTIM1Freq_Value,LPUART1Freq_Value,LSCOPinFreq_Value,LSI_VALUE,MCO1PinFreq_Value,PLLM,PLLN,PLLPoutputFreq_Value,PLLQoutputFreq_Value,PLLRCLKFreq_Value,PWRFreq_Value,QSPIFreq_Value,RNGFreq_Value,RTCClockSelection,RTCFreq_Value,SAI1Freq_Value,SYSCLKFreq_VALUE,SYSCLKSource,UART4Freq_Value,UART5Freq_Value,USART1Freq_Value,USART2Freq_Value,USART3Freq_Value,USBFreq_Value,VCOInputFreq_Value,VCOOutputFreq_Value
RCC.LPTIM1Freq_Value=170000000
RCC.LPUART1Freq_Value=170000000
RCC.LSCOPinFreq_Value=32000
RCC.LSI_VALUE=32000
RCC.MCO1PinFreq_Value=16000000
RCC.PLLM=RCC_PLLM_DIV4
RCC.PLLN=85
RCC.PLLPoutputFreq_Value=170000000
RCC.PLLQoutputFreq_Value=170000000
RCC.PLLRCLKFreq_Value=170000000
RCC.PWRFreq_Value=170000000
RCC.QSPIFreq_Value=170000000
RCC.RNGFreq_Value=170000000
RCC.RTCClockSelection=RCC_RTCCLKSOURCE_LSE
RCC.RTCFreq_Value=32768
RCC.SAI1Freq_Value=170000000
RCC.SYSCLKFreq_VALUE=170000000
RCC.SYSCLKSource=RCC_SYSCLKSOURCE_PLLCLK
RCC.UART4Freq_Value=170000000
RCC.UART5Freq_Value=170000000
RCC.USART1Freq_Value=170000000
RCC.USART2Freq_Value=170000000
RCC.USART3Freq_Value=170000000
RCC.USBFreq_Value=170000000
RCC.VCOInputFreq_Value=4000000
RCC.VCOOutputFreq_Value=340000000
SPI1.BaudRatePrescaler=SPI_BAUDRATEPRESCALER_256
SPI1.CalculateBaudRate=664.062 KBits/s
SPI1.DataSize=SPI_DATASIZE_8BIT
SPI1.Direction=SPI_DIRECTION_2LINES
SPI1.IPParameters=VirtualType,Mode,Direction,BaudRatePrescaler,CalculateBaudRate,DataSize
SPI1.Mode=SPI_MODE_MASTER
SPI1.VirtualType=VM_MASTER
TIM1.IPParameters=Prescaler
TIM1.Prescaler=169
TIM2.IPParameters=Prescaler
TIM2.Prescaler=169
TIM7.IPParameters=Prescaler
TIM7.Prescaler=169
USART1.BaudRate=9600
USART1.IPParameters=VirtualMode-Asynchronous,BaudRate
USART1.VirtualMode-Asynchronous=VM_ASYNC
USART2.BaudRate=9600
USART2.IPParameters=VirtualMode-Asynchronous,BaudRate
USART2.VirtualMode-Asynchronous=VM_ASYNC
USART3.BaudRate=9600
USART3.IPParameters=VirtualMode-Asynchronous,BaudRate
USART3.VirtualMode-Asynchronous=VM_ASYNC
VP_ADC1_TempSens_Input.Mode=IN-TempSens
VP_ADC1_TempSens_Input.Signal=ADC1_TempSens_Input
VP_ADC1_Vref_Input.Mode=IN-Vrefint
VP_ADC1_Vref_Input.Signal=ADC1_Vref_Input
VP_FREERTOS_VS_CMSIS_V2.Mode=CMSIS_V2
VP_FREERTOS_VS_CMSIS_V2.Signal=FREERTOS_VS_CMSIS_V2
VP_SYS_VS_DBSignals.Mode=DisableDeadBatterySignals
VP_SYS_VS_DBSignals.Signal=SYS_VS_DBSignals
VP_SYS_VS_tim6.Mode=TIM6
VP_SYS_VS_tim6.Signal=SYS_VS_tim6
VP_TIM1_VS_ClockSourceINT.Mode=Internal
VP_TIM1_VS_ClockSourceINT.Signal=TIM1_VS_ClockSourceINT
VP_TIM2_VS_ClockSourceINT.Mode=Internal
VP_TIM2_VS_ClockSourceINT.Signal=TIM2_VS_ClockSourceINT
VP_TIM7_VS_ClockSourceINT.Mode=Enable_Timer
VP_TIM7_VS_ClockSourceINT.Signal=TIM7_VS_ClockSourceINT
board=NUCLEO-G474RE
boardIOC=true
rtos.0.ip=FREERTOS
isbadioc=false
